
Microsoft Visual Studio Solution File, Format Version 12.00
# Visual Studio Version 17
VisualStudioVersion = 17.7.34018.315
MinimumVisualStudioVersion = 10.0.40219.1
Project("{9A19103F-16F7-4668-BE54-9A1E7A4F7556}") = "SettingsService", "SettingsService\SettingsService.csproj", "{325742BF-85BB-410B-807F-55952AE56765}"
EndProject
Project("{9A19103F-16F7-4668-BE54-9A1E7A4F7556}") = "DogeFriendsApi", "DogeFriendsApi\DogeFriendsApi.csproj", "{600A05A2-8B45-4FA3-A834-3A9269A56D4A}"
	ProjectSection(ProjectDependencies) = postProject
		{325742BF-85BB-410B-807F-55952AE56765} = {325742BF-85BB-410B-807F-55952AE56765}
	EndProjectSection
EndProject
Global
	GlobalSection(SolutionConfigurationPlatforms) = preSolution
		Debug|Any CPU = Debug|Any CPU
		Release|Any CPU = Release|Any CPU
	EndGlobalSection
	GlobalSection(ProjectConfigurationPlatforms) = postSolution
		{325742BF-85BB-410B-807F-55952AE56765}.Debug|Any CPU.ActiveCfg = Debug|Any CPU
		{325742BF-85BB-410B-807F-55952AE56765}.Debug|Any CPU.Build.0 = Debug|Any CPU
		{325742BF-85BB-410B-807F-55952AE56765}.Release|Any CPU.ActiveCfg = Release|Any CPU
		{325742BF-85BB-410B-807F-55952AE56765}.Release|Any CPU.Build.0 = Release|Any CPU
		{600A05A2-8B45-4FA3-A834-3A9269A56D4A}.Debug|Any CPU.ActiveCfg = Debug|Any CPU
		{600A05A2-8B45-4FA3-A834-3A9269A56D4A}.Debug|Any CPU.Build.0 = Debug|Any CPU
		{600A05A2-8B45-4FA3-A834-3A9269A56D4A}.Release|Any CPU.ActiveCfg = Release|Any CPU
		{600A05A2-8B45-4FA3-A834-3A9269A56D4A}.Release|Any CPU.Build.0 = Release|Any CPU
	EndGlobalSection
	GlobalSection(SolutionProperties) = preSolution
		HideSolutionNode = FALSE
	EndGlobalSection
	GlobalSection(ExtensibilityGlobals) = postSolution
		SolutionGuid = {82956231-703A-4B3D-9B07-A311CE0CA753}
	EndGlobalSection
EndGlobal
